{
  "name": "Position-MVP",
  "lockfileVersion": 2,
  "requires": true,
  "packages": {
    "": {
      "dependencies": {
        "bootstrap": "^5.2.3",
        "bootstrap-vue-3": "^0.1.8",
        "chart.js": "^3.7.1",
        "vue-chartjs": "^3.5.1",
        "vue-fusioncharts": "^3.2.0"
      }
    },
    "node_modules/@babel/runtime": {
      "version": "7.17.2",
      "resolved": "https://registry.npmjs.org/@babel/runtime/-/runtime-7.17.2.tgz",
      "integrity": "sha512-hzeyJyMA1YGdJTuWU0e/j4wKXrU4OMFvY2MSlaI9B7VQb0r5cxTE3EAIS2Q7Tn2RIcDkRvTA/v2JsAEhxe99uw==",
      "dependencies": {
        "regenerator-runtime": "^0.13.4"
      },
      "engines": {
        "node": ">=6.9.0"
      }
    },
    "node_modules/@fusioncharts/accessibility": {
      "version": "1.5.0",
      "resolved": "https://registry.npmjs.org/@fusioncharts/accessibility/-/accessibility-1.5.0.tgz",
      "integrity": "sha512-4O0DmNR8D0WL5KYx6b9V/N0H24cmPseICPstXvkLpxjFuzsZz5BoS3IEiCf/KjVe3kGmUFDa6Q4Hz5v9pLi1wg=="
    },
    "node_modules/@fusioncharts/charts": {
      "version": "3.18.0",
      "resolved": "https://registry.npmjs.org/@fusioncharts/charts/-/charts-3.18.0.tgz",
      "integrity": "sha512-WsNQTUKWVPxYUkxUHdxodvGsJF/vFSwm/zYVbQj2WGpA74B3hAETw8lKrqk943loImoPdB2c4JsnaNE1XmkpyQ==",
      "dependencies": {
        "@babel/runtime": "^7.9.2",
        "@fusioncharts/core": "^1.5.0",
        "@fusioncharts/features": "^1.5.0",
        "@fusioncharts/utils": "^1.5.0"
      }
    },
    "node_modules/@fusioncharts/constructor": {
      "version": "1.5.0",
      "resolved": "https://registry.npmjs.org/@fusioncharts/constructor/-/constructor-1.5.0.tgz",
      "integrity": "sha512-oIWGtLhRjllZDsKXHDahegaUOP6uC26UT9EHHQ+W7tL9v7xxZMM1bPMg79eOg/l4ZBoc/G/YJkEEfO5tMXiDSA==",
      "dependencies": {
        "@babel/runtime": "^7.9.2",
        "@fusioncharts/core": "^1.5.0",
        "@fusioncharts/maps": "^3.18.0"
      }
    },
    "node_modules/@fusioncharts/core": {
      "version": "1.5.0",
      "resolved": "https://registry.npmjs.org/@fusioncharts/core/-/core-1.5.0.tgz",
      "integrity": "sha512-3JT9U0BtVBHMkgUfFH0aCfoZkxPFaWyTa7dLnFEvYF255d2hdnyd3B/ZWYrEK1sQ679bMjvs4q6pMsnbNEuDqw==",
      "dependencies": {
        "@babel/runtime": "^7.9.2",
        "@fusioncharts/utils": "^1.5.0",
        "core-js": "^3.0.1",
        "ramda": "^0.25.0"
      }
    },
    "node_modules/@fusioncharts/datatable": {
      "version": "1.5.0",
      "resolved": "https://registry.npmjs.org/@fusioncharts/datatable/-/datatable-1.5.0.tgz",
      "integrity": "sha512-BRxgfEAXNAr8TZToNinLjBNeTmR4MqC2ao16rTZclhIQPxtR4KkHrjTR1dMYr6tsxXQnpCmsjkV+ibssn/dDlw==",
      "dependencies": {
        "@babel/runtime": "^7.9.2",
        "@fusioncharts/utils": "^1.5.0"
      }
    },
    "node_modules/@fusioncharts/features": {
      "version": "1.5.0",
      "resolved": "https://registry.npmjs.org/@fusioncharts/features/-/features-1.5.0.tgz",
      "integrity": "sha512-p6nxoAJFzXEeYQHgKRQI5/ciwXLb8L60faHqre6vDABUKDvPMicI9tR7yNR7AWWmvBDxhkzXOV2v2sqWCNWRFw==",
      "dependencies": {
        "@babel/runtime": "^7.9.2",
        "@fusioncharts/core": "^1.5.0",
        "@fusioncharts/utils": "^1.5.0"
      }
    },
    "node_modules/@fusioncharts/fusiontime": {
      "version": "2.6.0",
      "resolved": "https://registry.npmjs.org/@fusioncharts/fusiontime/-/fusiontime-2.6.0.tgz",
      "integrity": "sha512-un9g122BkPToSUFehD5AHluyv/gOL1TiDSp0kdO42IgtsX1UwJh3X3JVhkMagggICCKl/AM+dyuu5ids9yDN2w==",
      "dependencies": {
        "@babel/runtime": "^7.9.2",
        "@fusioncharts/charts": "^3.18.0",
        "@fusioncharts/core": "^1.5.0",
        "@fusioncharts/datatable": "^1.5.0",
        "@fusioncharts/utils": "^1.5.0",
        "ramda": "^0.25.0"
      }
    },
    "node_modules/@fusioncharts/maps": {
      "version": "3.18.0",
      "resolved": "https://registry.npmjs.org/@fusioncharts/maps/-/maps-3.18.0.tgz",
      "integrity": "sha512-ElzPX1fAWbT8wJuvdDFVfJHRCKRxy3Ub/B22upt8la7RuKSIfDMRRwFF7IWxrW5opJDxJY1IQNwjZVTnm0NuFA==",
      "dependencies": {
        "@babel/runtime": "^7.9.2",
        "@fusioncharts/charts": "^3.18.0",
        "@fusioncharts/core": "^1.5.0",
        "@fusioncharts/features": "^1.5.0"
      }
    },
    "node_modules/@fusioncharts/powercharts": {
      "version": "3.18.0",
      "resolved": "https://registry.npmjs.org/@fusioncharts/powercharts/-/powercharts-3.18.0.tgz",
      "integrity": "sha512-z0q3ssKvzEyIl/C1IPCmPcPZ0X+Q4ntPAP8B/xe+E1mTXd5AYVFI2fGqXHlUCUgHvr9MYNRpjYzwIOa3YEK38Q==",
      "dependencies": {
        "@babel/runtime": "^7.9.2",
        "@fusioncharts/charts": "^3.18.0",
        "@fusioncharts/core": "^1.5.0",
        "@fusioncharts/utils": "^1.5.0"
      }
    },
    "node_modules/@fusioncharts/utils": {
      "version": "1.5.0",
      "resolved": "https://registry.npmjs.org/@fusioncharts/utils/-/utils-1.5.0.tgz",
      "integrity": "sha512-faUHPGO29jiP/RvfCXxl57snWUm7+8RHbU/0x3BAQN8wq6U7bylj8rWKmu1flFrq8vH6Kup0eR07meJzNvNaBw==",
      "dependencies": {
        "@babel/runtime": "^7.9.2",
        "ramda": "^0.25.0"
      }
    },
    "node_modules/@fusioncharts/widgets": {
      "version": "3.18.0",
      "resolved": "https://registry.npmjs.org/@fusioncharts/widgets/-/widgets-3.18.0.tgz",
      "integrity": "sha512-FphluEdI3EYW9ERYKgfzJyAu4ipw8RJA+eJgjoAqB6dodK4SafTY5YpwyeG5V1VnIKrjFmrfk5iw3jOiFLYk5Q==",
      "dependencies": {
        "@babel/runtime": "^7.9.2",
        "@fusioncharts/charts": "^3.18.0",
        "@fusioncharts/constructor": "^1.5.0",
        "@fusioncharts/core": "^1.5.0",
        "@fusioncharts/features": "^1.5.0",
        "@fusioncharts/utils": "^1.5.0"
      }
    },
    "node_modules/@popperjs/core": {
      "version": "2.11.6",
      "resolved": "https://registry.npmjs.org/@popperjs/core/-/core-2.11.6.tgz",
      "integrity": "sha512-50/17A98tWUfQ176raKiOGXuYpLyyVMkxxG6oylzL3BPOlA6ADGdK7EYunSa4I064xerltq9TGXs8HmOk5E+vw==",
      "peer": true,
      "funding": {
        "type": "opencollective",
        "url": "https://opencollective.com/popperjs"
      }
    },
    "node_modules/@types/chart.js": {
      "version": "2.9.35",
      "resolved": "https://registry.npmjs.org/@types/chart.js/-/chart.js-2.9.35.tgz",
      "integrity": "sha512-MWx/zZlh4wHBbM4Tm4YsZyYGb1/LkTiFLFwX/FXb0EJCvXX2xWTRHwlJ2RAAEXWxLrOdaAWP8vFtJXny+4CpEw==",
      "dependencies": {
        "moment": "^2.10.2"
      }
    },
    "node_modules/bootstrap": {
      "version": "5.2.3",
      "resolved": "https://registry.npmjs.org/bootstrap/-/bootstrap-5.2.3.tgz",
      "integrity": "sha512-cEKPM+fwb3cT8NzQZYEu4HilJ3anCrWqh3CHAok1p9jXqMPsPTBhU25fBckEJHJ/p+tTxTFTsFQGM+gaHpi3QQ==",
      "funding": [
        {
          "type": "github",
          "url": "https://github.com/sponsors/twbs"
        },
        {
          "type": "opencollective",
          "url": "https://opencollective.com/bootstrap"
        }
      ],
      "peerDependencies": {
        "@popperjs/core": "^2.11.6"
      }
    },
    "node_modules/bootstrap-vue-3": {
      "version": "0.1.8",
      "resolved": "https://registry.npmjs.org/bootstrap-vue-3/-/bootstrap-vue-3-0.1.8.tgz",
      "integrity": "sha512-MIsWALS6YPiH7hVa6QFN1CrOircCX18UklhD9efnxaN93vUtA759kdgFb9+m2m2NDPSjTXTxGkhOWIpCpIhPKQ==",
      "dependencies": {
        "core-js": "3.x.x"
      },
      "peerDependencies": {
        "bootstrap": "5.x.x"
      }
    },
    "node_modules/chart.js": {
      "version": "3.7.1",
      "resolved": "https://registry.npmjs.org/chart.js/-/chart.js-3.7.1.tgz",
      "integrity": "sha512-8knRegQLFnPQAheZV8MjxIXc5gQEfDFD897BJgv/klO/vtIyFFmgMXrNfgrXpbTr/XbTturxRgxIXx/Y+ASJBA=="
    },
    "node_modules/core-js": {
      "version": "3.18.3",
      "resolved": "https://registry.npmjs.org/core-js/-/core-js-3.18.3.tgz",
      "integrity": "sha512-tReEhtMReZaPFVw7dajMx0vlsz3oOb8ajgPoHVYGxr8ErnZ6PcYEvvmjGmXlfpnxpkYSdOQttjB+MvVbCGfvLw==",
      "hasInstallScript": true,
      "funding": {
        "type": "opencollective",
        "url": "https://opencollective.com/core-js"
      }
    },
    "node_modules/for-in": {
      "version": "1.0.2",
      "resolved": "https://registry.npmjs.org/for-in/-/for-in-1.0.2.tgz",
      "integrity": "sha1-gQaNKVqBQuwKxybG4iAMMPttXoA=",
      "engines": {
        "node": ">=0.10.0"
      }
    },
    "node_modules/fusioncharts": {
      "version": "3.18.0",
      "resolved": "https://registry.npmjs.org/fusioncharts/-/fusioncharts-3.18.0.tgz",
      "integrity": "sha512-PmBNI8RIDHT+xwm3mSquusnLEpKWNDyvyBkMqkMbTuYEHmGVnRmrwQDw8VutIBE+/vyLmfuZ+Ptlg7RiFMrE7w==",
      "dependencies": {
        "@babel/runtime": "^7.9.2",
        "@fusioncharts/accessibility": "^1.5.0",
        "@fusioncharts/charts": "^3.18.0",
        "@fusioncharts/constructor": "^1.5.0",
        "@fusioncharts/core": "^1.5.0",
        "@fusioncharts/datatable": "^1.5.0",
        "@fusioncharts/features": "^1.5.0",
        "@fusioncharts/fusiontime": "^2.6.0",
        "@fusioncharts/maps": "^3.18.0",
        "@fusioncharts/powercharts": "^3.18.0",
        "@fusioncharts/utils": "^1.5.0",
        "@fusioncharts/widgets": "^3.18.0",
        "mutationobserver-shim": "^0.3.5",
        "promise-polyfill": "^8.1.3"
      }
    },
    "node_modules/is-extendable": {
      "version": "1.0.1",
      "resolved": "https://registry.npmjs.org/is-extendable/-/is-extendable-1.0.1.tgz",
      "integrity": "sha512-arnXMxT1hhoKo9k1LZdmlNyJdDDfy2v0fXjFlmok4+i8ul/6WlbVge9bhM74OpNPQPMGUToDtz+KXa1PneJxOA==",
      "dependencies": {
        "is-plain-object": "^2.0.4"
      },
      "engines": {
        "node": ">=0.10.0"
      }
    },
    "node_modules/is-plain-object": {
      "version": "2.0.4",
      "resolved": "https://registry.npmjs.org/is-plain-object/-/is-plain-object-2.0.4.tgz",
      "integrity": "sha512-h5PpgXkWitc38BBMYawTYMWJHFZJVnBquFE57xFpjB8pJFiF6gZ+bU+WyI/yqXiFR5mdLsgYNaPe8uao6Uv9Og==",
      "dependencies": {
        "isobject": "^3.0.1"
      },
      "engines": {
        "node": ">=0.10.0"
      }
    },
    "node_modules/isobject": {
      "version": "3.0.1",
      "resolved": "https://registry.npmjs.org/isobject/-/isobject-3.0.1.tgz",
      "integrity": "sha1-TkMekrEalzFjaqH5yNHMvP2reN8=",
      "engines": {
        "node": ">=0.10.0"
      }
    },
    "node_modules/mixin-deep": {
      "version": "1.3.2",
      "resolved": "https://registry.npmjs.org/mixin-deep/-/mixin-deep-1.3.2.tgz",
      "integrity": "sha512-WRoDn//mXBiJ1H40rqa3vH0toePwSsGb45iInWlTySa+Uu4k3tYUSxa2v1KqAiLtvlrSzaExqS1gtk96A9zvEA==",
      "dependencies": {
        "for-in": "^1.0.2",
        "is-extendable": "^1.0.1"
      },
      "engines": {
        "node": ">=0.10.0"
      }
    },
    "node_modules/moment": {
      "version": "2.29.1",
      "resolved": "https://registry.npmjs.org/moment/-/moment-2.29.1.tgz",
      "integrity": "sha512-kHmoybcPV8Sqy59DwNDY3Jefr64lK/by/da0ViFcuA4DH0vQg5Q6Ze5VimxkfQNSC+Mls/Kx53s7TjP1RhFEDQ==",
      "engines": {
        "node": "*"
      }
    },
    "node_modules/mutationobserver-shim": {
      "version": "0.3.7",
      "resolved": "https://registry.npmjs.org/mutationobserver-shim/-/mutationobserver-shim-0.3.7.tgz",
      "integrity": "sha512-oRIDTyZQU96nAiz2AQyngwx1e89iApl2hN5AOYwyxLUB47UYsU3Wv9lJWqH5y/QdiYkc5HQLi23ZNB3fELdHcQ=="
    },
    "node_modules/promise-polyfill": {
      "version": "8.2.1",
      "resolved": "https://registry.npmjs.org/promise-polyfill/-/promise-polyfill-8.2.1.tgz",
      "integrity": "sha512-3p9zj0cEHbp7NVUxEYUWjQlffXqnXaZIMPkAO7HhFh8u5636xLRDHOUo2vpWSK0T2mqm6fKLXYn1KP6PAZ2gKg=="
    },
    "node_modules/ramda": {
      "version": "0.25.0",
      "resolved": "https://registry.npmjs.org/ramda/-/ramda-0.25.0.tgz",
      "integrity": "sha512-GXpfrYVPwx3K7RQ6aYT8KPS8XViSXUVJT1ONhoKPE9VAleW42YE+U+8VEyGWt41EnEQW7gwecYJriTI0pKoecQ=="
    },
    "node_modules/regenerator-runtime": {
      "version": "0.13.9",
      "resolved": "https://registry.npmjs.org/regenerator-runtime/-/regenerator-runtime-0.13.9.tgz",
      "integrity": "sha512-p3VT+cOEgxFsRRA9X4lkI1E+k2/CtnKtU4gcxyaCUreilL/vqI6CdZ3wxVUx3UOUg+gnUOQQcRI7BmSI656MYA=="
    },
    "node_modules/underscore": {
      "version": "1.13.2",
      "resolved": "https://registry.npmjs.org/underscore/-/underscore-1.13.2.tgz",
      "integrity": "sha512-ekY1NhRzq0B08g4bGuX4wd2jZx5GnKz6mKSqFL4nqBlfyMGiG10gDFhDTMEfYmDL6Jy0FUIZp7wiRB+0BP7J2g=="
    },
    "node_modules/vue-chartjs": {
      "version": "3.5.1",
      "resolved": "https://registry.npmjs.org/vue-chartjs/-/vue-chartjs-3.5.1.tgz",
      "integrity": "sha512-foocQbJ7FtveICxb4EV5QuVpo6d8CmZFmAopBppDIGKY+esJV8IJgwmEW0RexQhxqXaL/E1xNURsgFFYyKzS/g==",
      "dependencies": {
        "@types/chart.js": "^2.7.55"
      },
      "engines": {
        "node": ">=6.9.0",
        "npm": ">= 3.0.0"
      },
      "peerDependencies": {
        "chart.js": ">= 2.5"
      }
    },
    "node_modules/vue-fusioncharts": {
      "version": "3.2.0",
      "resolved": "https://registry.npmjs.org/vue-fusioncharts/-/vue-fusioncharts-3.2.0.tgz",
      "integrity": "sha512-zQYBN7W5VuoDDynOANNk5nIQ00sa3OqkWlQ1W8A5Sl9cfxWWgdZmE5+WfOIMG5xNVXQsmBYjxoYR10fDKZARbw==",
      "dependencies": {
        "fusioncharts": "^3.17.0",
        "mixin-deep": "^1.3.2",
        "underscore": "^1.9.1",
        "websocket-extensions": "^0.1.4"
      }
    },
    "node_modules/websocket-extensions": {
      "version": "0.1.4",
      "resolved": "https://registry.npmjs.org/websocket-extensions/-/websocket-extensions-0.1.4.tgz",
      "integrity": "sha512-OqedPIGOfsDlo31UNwYbCFMSaO9m9G/0faIHj5/dZFDMFqPTcx6UwqyOy3COEaEOg/9VsGIpdqn62W5KhoKSpg==",
      "engines": {
        "node": ">=0.8.0"
      }
    }
  },
  "dependencies": {
    "@babel/runtime": {
      "version": "7.17.2",
      "resolved": "https://registry.npmjs.org/@babel/runtime/-/runtime-7.17.2.tgz",
      "integrity": "sha512-hzeyJyMA1YGdJTuWU0e/j4wKXrU4OMFvY2MSlaI9B7VQb0r5cxTE3EAIS2Q7Tn2RIcDkRvTA/v2JsAEhxe99uw==",
      "requires": {
        "regenerator-runtime": "^0.13.4"
      }
    },
    "@fusioncharts/accessibility": {
      "version": "1.5.0",
      "resolved": "https://registry.npmjs.org/@fusioncharts/accessibility/-/accessibility-1.5.0.tgz",
      "integrity": "sha512-4O0DmNR8D0WL5KYx6b9V/N0H24cmPseICPstXvkLpxjFuzsZz5BoS3IEiCf/KjVe3kGmUFDa6Q4Hz5v9pLi1wg=="
    },
    "@fusioncharts/charts": {
      "version": "3.18.0",
      "resolved": "https://registry.npmjs.org/@fusioncharts/charts/-/charts-3.18.0.tgz",
      "integrity": "sha512-WsNQTUKWVPxYUkxUHdxodvGsJF/vFSwm/zYVbQj2WGpA74B3hAETw8lKrqk943loImoPdB2c4JsnaNE1XmkpyQ==",
      "requires": {
        "@babel/runtime": "^7.9.2",
        "@fusioncharts/core": "^1.5.0",
        "@fusioncharts/features": "^1.5.0",
        "@fusioncharts/utils": "^1.5.0"
      }
    },
    "@fusioncharts/constructor": {
      "version": "1.5.0",
      "resolved": "https://registry.npmjs.org/@fusioncharts/constructor/-/constructor-1.5.0.tgz",
      "integrity": "sha512-oIWGtLhRjllZDsKXHDahegaUOP6uC26UT9EHHQ+W7tL9v7xxZMM1bPMg79eOg/l4ZBoc/G/YJkEEfO5tMXiDSA==",
      "requires": {
        "@babel/runtime": "^7.9.2",
        "@fusioncharts/core": "^1.5.0",
        "@fusioncharts/maps": "^3.18.0"
      }
    },
    "@fusioncharts/core": {
      "version": "1.5.0",
      "resolved": "https://registry.npmjs.org/@fusioncharts/core/-/core-1.5.0.tgz",
      "integrity": "sha512-3JT9U0BtVBHMkgUfFH0aCfoZkxPFaWyTa7dLnFEvYF255d2hdnyd3B/ZWYrEK1sQ679bMjvs4q6pMsnbNEuDqw==",
      "requires": {
        "@babel/runtime": "^7.9.2",
        "@fusioncharts/utils": "^1.5.0",
        "core-js": "^3.0.1",
        "ramda": "^0.25.0"
      }
    },
    "@fusioncharts/datatable": {
      "version": "1.5.0",
      "resolved": "https://registry.npmjs.org/@fusioncharts/datatable/-/datatable-1.5.0.tgz",
      "integrity": "sha512-BRxgfEAXNAr8TZToNinLjBNeTmR4MqC2ao16rTZclhIQPxtR4KkHrjTR1dMYr6tsxXQnpCmsjkV+ibssn/dDlw==",
      "requires": {
        "@babel/runtime": "^7.9.2",
        "@fusioncharts/utils": "^1.5.0"
      }
    },
    "@fusioncharts/features": {
      "version": "1.5.0",
      "resolved": "https://registry.npmjs.org/@fusioncharts/features/-/features-1.5.0.tgz",
      "integrity": "sha512-p6nxoAJFzXEeYQHgKRQI5/ciwXLb8L60faHqre6vDABUKDvPMicI9tR7yNR7AWWmvBDxhkzXOV2v2sqWCNWRFw==",
      "requires": {
        "@babel/runtime": "^7.9.2",
        "@fusioncharts/core": "^1.5.0",
        "@fusioncharts/utils": "^1.5.0"
      }
    },
    "@fusioncharts/fusiontime": {
      "version": "2.6.0",
      "resolved": "https://registry.npmjs.org/@fusioncharts/fusiontime/-/fusiontime-2.6.0.tgz",
      "integrity": "sha512-un9g122BkPToSUFehD5AHluyv/gOL1TiDSp0kdO42IgtsX1UwJh3X3JVhkMagggICCKl/AM+dyuu5ids9yDN2w==",
      "requires": {
        "@babel/runtime": "^7.9.2",
        "@fusioncharts/charts": "^3.18.0",
        "@fusioncharts/core": "^1.5.0",
        "@fusioncharts/datatable": "^1.5.0",
        "@fusioncharts/utils": "^1.5.0",
        "ramda": "^0.25.0"
      }
    },
    "@fusioncharts/maps": {
      "version": "3.18.0",
      "resolved": "https://registry.npmjs.org/@fusioncharts/maps/-/maps-3.18.0.tgz",
      "integrity": "sha512-ElzPX1fAWbT8wJuvdDFVfJHRCKRxy3Ub/B22upt8la7RuKSIfDMRRwFF7IWxrW5opJDxJY1IQNwjZVTnm0NuFA==",
      "requires": {
        "@babel/runtime": "^7.9.2",
        "@fusioncharts/charts": "^3.18.0",
        "@fusioncharts/core": "^1.5.0",
        "@fusioncharts/features": "^1.5.0"
      }
    },
    "@fusioncharts/powercharts": {
      "version": "3.18.0",
      "resolved": "https://registry.npmjs.org/@fusioncharts/powercharts/-/powercharts-3.18.0.tgz",
      "integrity": "sha512-z0q3ssKvzEyIl/C1IPCmPcPZ0X+Q4ntPAP8B/xe+E1mTXd5AYVFI2fGqXHlUCUgHvr9MYNRpjYzwIOa3YEK38Q==",
      "requires": {
        "@babel/runtime": "^7.9.2",
        "@fusioncharts/charts": "^3.18.0",
        "@fusioncharts/core": "^1.5.0",
        "@fusioncharts/utils": "^1.5.0"
      }
    },
    "@fusioncharts/utils": {
      "version": "1.5.0",
      "resolved": "https://registry.npmjs.org/@fusioncharts/utils/-/utils-1.5.0.tgz",
      "integrity": "sha512-faUHPGO29jiP/RvfCXxl57snWUm7+8RHbU/0x3BAQN8wq6U7bylj8rWKmu1flFrq8vH6Kup0eR07meJzNvNaBw==",
      "requires": {
        "@babel/runtime": "^7.9.2",
        "ramda": "^0.25.0"
      }
    },
    "@fusioncharts/widgets": {
      "version": "3.18.0",
      "resolved": "https://registry.npmjs.org/@fusioncharts/widgets/-/widgets-3.18.0.tgz",
      "integrity": "sha512-FphluEdI3EYW9ERYKgfzJyAu4ipw8RJA+eJgjoAqB6dodK4SafTY5YpwyeG5V1VnIKrjFmrfk5iw3jOiFLYk5Q==",
      "requires": {
        "@babel/runtime": "^7.9.2",
        "@fusioncharts/charts": "^3.18.0",
        "@fusioncharts/constructor": "^1.5.0",
        "@fusioncharts/core": "^1.5.0",
        "@fusioncharts/features": "^1.5.0",
        "@fusioncharts/utils": "^1.5.0"
      }
    },
    "@popperjs/core": {
      "version": "2.11.6",
      "resolved": "https://registry.npmjs.org/@popperjs/core/-/core-2.11.6.tgz",
      "integrity": "sha512-50/17A98tWUfQ176raKiOGXuYpLyyVMkxxG6oylzL3BPOlA6ADGdK7EYunSa4I064xerltq9TGXs8HmOk5E+vw==",
      "peer": true
    },
    "@types/chart.js": {
      "version": "2.9.35",
      "resolved": "https://registry.npmjs.org/@types/chart.js/-/chart.js-2.9.35.tgz",
      "integrity": "sha512-MWx/zZlh4wHBbM4Tm4YsZyYGb1/LkTiFLFwX/FXb0EJCvXX2xWTRHwlJ2RAAEXWxLrOdaAWP8vFtJXny+4CpEw==",
      "requires": {
        "moment": "^2.10.2"
      }
    },
    "bootstrap": {
      "version": "5.2.3",
      "resolved": "https://registry.npmjs.org/bootstrap/-/bootstrap-5.2.3.tgz",
      "integrity": "sha512-cEKPM+fwb3cT8NzQZYEu4HilJ3anCrWqh3CHAok1p9jXqMPsPTBhU25fBckEJHJ/p+tTxTFTsFQGM+gaHpi3QQ==",
      "requires": {}
    },
    "bootstrap-vue-3": {
      "version": "0.1.8",
      "resolved": "https://registry.npmjs.org/bootstrap-vue-3/-/bootstrap-vue-3-0.1.8.tgz",
      "integrity": "sha512-MIsWALS6YPiH7hVa6QFN1CrOircCX18UklhD9efnxaN93vUtA759kdgFb9+m2m2NDPSjTXTxGkhOWIpCpIhPKQ==",
      "requires": {
        "core-js": "3.x.x"
      }
    },
    "chart.js": {
      "version": "3.7.1",
      "resolved": "https://registry.npmjs.org/chart.js/-/chart.js-3.7.1.tgz",
      "integrity": "sha512-8knRegQLFnPQAheZV8MjxIXc5gQEfDFD897BJgv/klO/vtIyFFmgMXrNfgrXpbTr/XbTturxRgxIXx/Y+ASJBA=="
    },
    "core-js": {
      "version": "3.18.3",
      "resolved": "https://registry.npmjs.org/core-js/-/core-js-3.18.3.tgz",
      "integrity": "sha512-tReEhtMReZaPFVw7dajMx0vlsz3oOb8ajgPoHVYGxr8ErnZ6PcYEvvmjGmXlfpnxpkYSdOQttjB+MvVbCGfvLw=="
    },
    "for-in": {
      "version": "1.0.2",
      "resolved": "https://registry.npmjs.org/for-in/-/for-in-1.0.2.tgz",
      "integrity": "sha1-gQaNKVqBQuwKxybG4iAMMPttXoA="
    },
    "fusioncharts": {
      "version": "3.18.0",
      "resolved": "https://registry.npmjs.org/fusioncharts/-/fusioncharts-3.18.0.tgz",
      "integrity": "sha512-PmBNI8RIDHT+xwm3mSquusnLEpKWNDyvyBkMqkMbTuYEHmGVnRmrwQDw8VutIBE+/vyLmfuZ+Ptlg7RiFMrE7w==",
      "requires": {
        "@babel/runtime": "^7.9.2",
        "@fusioncharts/accessibility": "^1.5.0",
        "@fusioncharts/charts": "^3.18.0",
        "@fusioncharts/constructor": "^1.5.0",
        "@fusioncharts/core": "^1.5.0",
        "@fusioncharts/datatable": "^1.5.0",
        "@fusioncharts/features": "^1.5.0",
        "@fusioncharts/fusiontime": "^2.6.0",
        "@fusioncharts/maps": "^3.18.0",
        "@fusioncharts/powercharts": "^3.18.0",
        "@fusioncharts/utils": "^1.5.0",
        "@fusioncharts/widgets": "^3.18.0",
        "mutationobserver-shim": "^0.3.5",
        "promise-polyfill": "^8.1.3"
      }
    },
    "is-extendable": {
      "version": "1.0.1",
      "resolved": "https://registry.npmjs.org/is-extendable/-/is-extendable-1.0.1.tgz",
      "integrity": "sha512-arnXMxT1hhoKo9k1LZdmlNyJdDDfy2v0fXjFlmok4+i8ul/6WlbVge9bhM74OpNPQPMGUToDtz+KXa1PneJxOA==",
      "requires": {
        "is-plain-object": "^2.0.4"
      }
    },
    "is-plain-object": {
      "version": "2.0.4",
      "resolved": "https://registry.npmjs.org/is-plain-object/-/is-plain-object-2.0.4.tgz",
      "integrity": "sha512-h5PpgXkWitc38BBMYawTYMWJHFZJVnBquFE57xFpjB8pJFiF6gZ+bU+WyI/yqXiFR5mdLsgYNaPe8uao6Uv9Og==",
      "requires": {
        "isobject": "^3.0.1"
      }
    },
    "isobject": {
      "version": "3.0.1",
      "resolved": "https://registry.npmjs.org/isobject/-/isobject-3.0.1.tgz",
      "integrity": "sha1-TkMekrEalzFjaqH5yNHMvP2reN8="
    },
    "mixin-deep": {
      "version": "1.3.2",
      "resolved": "https://registry.npmjs.org/mixin-deep/-/mixin-deep-1.3.2.tgz",
      "integrity": "sha512-WRoDn//mXBiJ1H40rqa3vH0toePwSsGb45iInWlTySa+Uu4k3tYUSxa2v1KqAiLtvlrSzaExqS1gtk96A9zvEA==",
      "requires": {
        "for-in": "^1.0.2",
        "is-extendable": "^1.0.1"
      }
    },
    "moment": {
      "version": "2.29.1",
      "resolved": "https://registry.npmjs.org/moment/-/moment-2.29.1.tgz",
      "integrity": "sha512-kHmoybcPV8Sqy59DwNDY3Jefr64lK/by/da0ViFcuA4DH0vQg5Q6Ze5VimxkfQNSC+Mls/Kx53s7TjP1RhFEDQ=="
    },
    "mutationobserver-shim": {
      "version": "0.3.7",
      "resolved": "https://registry.npmjs.org/mutationobserver-shim/-/mutationobserver-shim-0.3.7.tgz",
      "integrity": "sha512-oRIDTyZQU96nAiz2AQyngwx1e89iApl2hN5AOYwyxLUB47UYsU3Wv9lJWqH5y/QdiYkc5HQLi23ZNB3fELdHcQ=="
    },
    "promise-polyfill": {
      "version": "8.2.1",
      "resolved": "https://registry.npmjs.org/promise-polyfill/-/promise-polyfill-8.2.1.tgz",
      "integrity": "sha512-3p9zj0cEHbp7NVUxEYUWjQlffXqnXaZIMPkAO7HhFh8u5636xLRDHOUo2vpWSK0T2mqm6fKLXYn1KP6PAZ2gKg=="
    },
    "ramda": {
      "version": "0.25.0",
      "resolved": "https://registry.npmjs.org/ramda/-/ramda-0.25.0.tgz",
      "integrity": "sha512-GXpfrYVPwx3K7RQ6aYT8KPS8XViSXUVJT1ONhoKPE9VAleW42YE+U+8VEyGWt41EnEQW7gwecYJriTI0pKoecQ=="
    },
    "regenerator-runtime": {
      "version": "0.13.9",
      "resolved": "https://registry.npmjs.org/regenerator-runtime/-/regenerator-runtime-0.13.9.tgz",
      "integrity": "sha512-p3VT+cOEgxFsRRA9X4lkI1E+k2/CtnKtU4gcxyaCUreilL/vqI6CdZ3wxVUx3UOUg+gnUOQQcRI7BmSI656MYA=="
    },
    "underscore": {
      "version": "1.13.2",
      "resolved": "https://registry.npmjs.org/underscore/-/underscore-1.13.2.tgz",
      "integrity": "sha512-ekY1NhRzq0B08g4bGuX4wd2jZx5GnKz6mKSqFL4nqBlfyMGiG10gDFhDTMEfYmDL6Jy0FUIZp7wiRB+0BP7J2g=="
    },
    "vue-chartjs": {
      "version": "3.5.1",
      "resolved": "https://registry.npmjs.org/vue-chartjs/-/vue-chartjs-3.5.1.tgz",
      "integrity": "sha512-foocQbJ7FtveICxb4EV5QuVpo6d8CmZFmAopBppDIGKY+esJV8IJgwmEW0RexQhxqXaL/E1xNURsgFFYyKzS/g==",
      "requires": {
        "@types/chart.js": "^2.7.55"
      }
    },
    "vue-fusioncharts": {
      "version": "3.2.0",
      "resolved": "https://registry.npmjs.org/vue-fusioncharts/-/vue-fusioncharts-3.2.0.tgz",
      "integrity": "sha512-zQYBN7W5VuoDDynOANNk5nIQ00sa3OqkWlQ1W8A5Sl9cfxWWgdZmE5+WfOIMG5xNVXQsmBYjxoYR10fDKZARbw==",
      "requires": {
        "fusioncharts": "^3.17.0",
        "mixin-deep": "^1.3.2",
        "underscore": "^1.9.1",
        "websocket-extensions": "^0.1.4"
      }
    },
    "websocket-extensions": {
      "version": "0.1.4",
      "resolved": "https://registry.npmjs.org/websocket-extensions/-/websocket-extensions-0.1.4.tgz",
      "integrity": "sha512-OqedPIGOfsDlo31UNwYbCFMSaO9m9G/0faIHj5/dZFDMFqPTcx6UwqyOy3COEaEOg/9VsGIpdqn62W5KhoKSpg=="
    }
  }
}
